
Microsoft Visual Studio Solution File, Format Version 12.00
# Visual Studio Version 16
VisualStudioVersion = 16.0.30002.166
MinimumVisualStudioVersion = 10.0.40219.1
Project("{9A19103F-16F7-4668-BE54-9A1E7A4F7556}") = "Entities", "Entities\Entities.csproj", "{A76B6B19-96F9-4B60-9190-A6BAF3C8B173}"
EndProject
Project("{9A19103F-16F7-4668-BE54-9A1E7A4F7556}") = "DataAccess", "DataAccess\DataAccess.csproj", "{247C80ED-8B0C-4D81-9980-5C972CED84D4}"
EndProject
Project("{9A19103F-16F7-4668-BE54-9A1E7A4F7556}") = "Business", "Business\Business.csproj", "{86E7C6BE-7EC7-40CF-A61E-92D43363608B}"
EndProject
Project("{9A19103F-16F7-4668-BE54-9A1E7A4F7556}") = "ConsoleUI", "ConsoleUI\ConsoleUI.csproj", "{3EA14A91-A147-4182-A345-1218EBB7D114}"
EndProject
Project("{FAE04EC0-301F-11D3-BF4B-00C04F79EFBC}") = "Core", "Core\Core.csproj", "{5D967AFF-B066-4619-80BB-8D675592B9EF}"
EndProject
Global
	GlobalSection(SolutionConfigurationPlatforms) = preSolution
		Debug|Any CPU = Debug|Any CPU
		Release|Any CPU = Release|Any CPU
	EndGlobalSection
	GlobalSection(ProjectConfigurationPlatforms) = postSolution
		{A76B6B19-96F9-4B60-9190-A6BAF3C8B173}.Debug|Any CPU.ActiveCfg = Debug|Any CPU
		{A76B6B19-96F9-4B60-9190-A6BAF3C8B173}.Debug|Any CPU.Build.0 = Debug|Any CPU
		{A76B6B19-96F9-4B60-9190-A6BAF3C8B173}.Release|Any CPU.ActiveCfg = Release|Any CPU
		{A76B6B19-96F9-4B60-9190-A6BAF3C8B173}.Release|Any CPU.Build.0 = Release|Any CPU
		{247C80ED-8B0C-4D81-9980-5C972CED84D4}.Debug|Any CPU.ActiveCfg = Debug|Any CPU
		{247C80ED-8B0C-4D81-9980-5C972CED84D4}.Debug|Any CPU.Build.0 = Debug|Any CPU
		{247C80ED-8B0C-4D81-9980-5C972CED84D4}.Release|Any CPU.ActiveCfg = Release|Any CPU
		{247C80ED-8B0C-4D81-9980-5C972CED84D4}.Release|Any CPU.Build.0 = Release|Any CPU
		{86E7C6BE-7EC7-40CF-A61E-92D43363608B}.Debug|Any CPU.ActiveCfg = Debug|Any CPU
		{86E7C6BE-7EC7-40CF-A61E-92D43363608B}.Debug|Any CPU.Build.0 = Debug|Any CPU
		{86E7C6BE-7EC7-40CF-A61E-92D43363608B}.Release|Any CPU.ActiveCfg = Release|Any CPU
		{86E7C6BE-7EC7-40CF-A61E-92D43363608B}.Release|Any CPU.Build.0 = Release|Any CPU
		{3EA14A91-A147-4182-A345-1218EBB7D114}.Debug|Any CPU.ActiveCfg = Debug|Any CPU
		{3EA14A91-A147-4182-A345-1218EBB7D114}.Debug|Any CPU.Build.0 = Debug|Any CPU
		{3EA14A91-A147-4182-A345-1218EBB7D114}.Release|Any CPU.ActiveCfg = Release|Any CPU
		{3EA14A91-A147-4182-A345-1218EBB7D114}.Release|Any CPU.Build.0 = Release|Any CPU
		{5D967AFF-B066-4619-80BB-8D675592B9EF}.Debug|Any CPU.ActiveCfg = Debug|Any CPU
		{5D967AFF-B066-4619-80BB-8D675592B9EF}.Debug|Any CPU.Build.0 = Debug|Any CPU
		{5D967AFF-B066-4619-80BB-8D675592B9EF}.Release|Any CPU.ActiveCfg = Release|Any CPU
		{5D967AFF-B066-4619-80BB-8D675592B9EF}.Release|Any CPU.Build.0 = Release|Any CPU
	EndGlobalSection
	GlobalSection(SolutionProperties) = preSolution
		HideSolutionNode = FALSE
	EndGlobalSection
	GlobalSection(ExtensibilityGlobals) = postSolution
		SolutionGuid = {764EA291-88BD-4499-83A4-3C264B5E2B71}
	EndGlobalSection
EndGlobal
